// !$*UTF8*$!
{
	archiveVersion = 1;
	classes = {
	};
	objectVersion = 77;
	objects = {

/* Begin PBXBuildFile section */
		0067A0B9A8DB647216EF6C7F /* PersonalLoanScreen.swift in Sources */ = {isa = PBXBuildFile; fileRef = FD070C272554DDBFF0D21ED9 /* PersonalLoanScreen.swift */; };
		04B8D7DE591D010BA3061E03 /* SalaryRouter.swift in Sources */ = {isa = PBXBuildFile; fileRef = 2FB9EA68AA0894ABB7557491 /* SalaryRouter.swift */; };
		08659968BAB40FB64C707EA2 /* CalculatorDetailScaffold.swift in Sources */ = {isa = PBXBuildFile; fileRef = 16B8321C61529EC908499CA9 /* CalculatorDetailScaffold.swift */; };
		097F8FD7EC763BB04D25710B /* SalaryInputCard.swift in Sources */ = {isa = PBXBuildFile; fileRef = DAD302D56952E537AD1CE80F /* SalaryInputCard.swift */; };
		0CE92241B689B7B3546F891C /* SalarySavedPayload.swift in Sources */ = {isa = PBXBuildFile; fileRef = 03CCCBF01B69E3D95802F7DE /* SalarySavedPayload.swift */; };
		0FCFC389EFDEBFD3497B7D18 /* UserPreferences.swift in Sources */ = {isa = PBXBuildFile; fileRef = 9B061035E96AA7997E8CAC49 /* UserPreferences.swift */; };
		119ED70E5323E6E963B15D1A /* CalculatorDetailFactory.swift in Sources */ = {isa = PBXBuildFile; fileRef = D4EC201A185EE17EE9E59944 /* CalculatorDetailFactory.swift */; };
		180DC48AF704479B28847C90 /* SalaryShareContent.swift in Sources */ = {isa = PBXBuildFile; fileRef = 247B55CB27A3396A252C5D97 /* SalaryShareContent.swift */; };
		1A28CE82AF2D5D07EBEAAAD5 /* SchemaV1.swift in Sources */ = {isa = PBXBuildFile; fileRef = 41C0244B16C6850A656325A8 /* SchemaV1.swift */; };
		1BC52A44BA1E36FC2418E7C5 /* SalaryShareRenderer.swift in Sources */ = {isa = PBXBuildFile; fileRef = 7ED05DB4CD4CB44296145A07 /* SalaryShareRenderer.swift */; };
		20B799FBA27C9117F1B385DA /* CalculatorsHubScreen.swift in Sources */ = {isa = PBXBuildFile; fileRef = D1C11FDA4708C0BC4255533F /* CalculatorsHubScreen.swift */; };
		226117E2D6212FBEF53D2A74 /* GuidesRouter.swift in Sources */ = {isa = PBXBuildFile; fileRef = 48B34B3E952B1E7D13DDF3D5 /* GuidesRouter.swift */; };
		22AA862BE51BA75E0B378D09 /* MarkdownBlock.swift in Sources */ = {isa = PBXBuildFile; fileRef = B00D2402531AC47105121240 /* MarkdownBlock.swift */; };
		243DF7EFAB8E5CAF93A68A5A /* guides-manifest.json in Resources */ = {isa = PBXBuildFile; fileRef = 58F5DD2F6B32DDE7FBE1778C /* guides-manifest.json */; };
		24E0ECEDDB34A1FA2BCAA7CB /* CalculatorID.swift in Sources */ = {isa = PBXBuildFile; fileRef = 086F7AA0DDC567416EBC92D2 /* CalculatorID.swift */; };
		2674F2F102D4F2AFC2096603 /* Assets.xcassets in Resources */ = {isa = PBXBuildFile; fileRef = 3B2D94468F50ECFF9CA19CE6 /* Assets.xcassets */; };
		269986F35BA4EB346361813B /* SalaryViewModelExtendedTests.swift in Sources */ = {isa = PBXBuildFile; fileRef = E0F29F70993460AA015D5397 /* SalaryViewModelExtendedTests.swift */; };
		2918E317407102924CD13015 /* MortgageScreen.swift in Sources */ = {isa = PBXBuildFile; fileRef = D2168A9F40693AECDF984E32 /* MortgageScreen.swift */; };
		29C80428C863DABC3703E096 /* PrivacyInfo.xcprivacy in Resources */ = {isa = PBXBuildFile; fileRef = 3B1EA68881C3E11627C254D6 /* PrivacyInfo.xcprivacy */; };
		2B6405B4066CE2F320FB3870 /* CalculatorCatalogItem.swift in Sources */ = {isa = PBXBuildFile; fileRef = 77032E062C54F311369DE826 /* CalculatorCatalogItem.swift */; };
		2D8DE8BCBE65ACF1A9EF58D0 /* guide-malta-vacation-leave-entitlement-2026.md in Resources */ = {isa = PBXBuildFile; fileRef = 6D75F3BBA5A4A7FD23C6DF20 /* guide-malta-vacation-leave-entitlement-2026.md */; };
		32CBBC4B78F736CB1B3E8ADA /* guide-malta-tax-rates-2026-complete-guide.md in Resources */ = {isa = PBXBuildFile; fileRef = D3B039C0FA31B80B3EDCB948 /* guide-malta-tax-rates-2026-complete-guide.md */; };
		3500D5404052FA1640A70CB2 /* DeepLinkParser.swift in Sources */ = {isa = PBXBuildFile; fileRef = B7C80619108982F01DEEAA9B /* DeepLinkParser.swift */; };
		354E088CA5A532BF2EC767E2 /* Guide.swift in Sources */ = {isa = PBXBuildFile; fileRef = 4B620E757840AA997B6C9320 /* Guide.swift */; };
		35DB034D63D71DA83154E8CA /* SettingsRouter.swift in Sources */ = {isa = PBXBuildFile; fileRef = EE5548E630FA77423E6502F8 /* SettingsRouter.swift */; };
		4847351F799DF82F29DE1512 /* DesignSystem in Frameworks */ = {isa = PBXBuildFile; productRef = C486B5057B7C9A4D8C42E3B0 /* DesignSystem */; };
		4B2B36D0595D45A5FF1ABE0B /* MortgageViewModel.swift in Sources */ = {isa = PBXBuildFile; fileRef = B3045DD00D8F5D876F098246 /* MortgageViewModel.swift */; };
		4C22ACB71B2BCFC5F87C2DD8 /* FloatingNetCard.swift in Sources */ = {isa = PBXBuildFile; fileRef = 0211DA71CEA067FA1EFEE0BA /* FloatingNetCard.swift */; };
		4C802CD6747CF6EA5F5A8F21 /* guide-malta-ssc-contributions-2026-explained.md in Resources */ = {isa = PBXBuildFile; fileRef = 270B7CAAA8AA3CBFFF9414BD /* guide-malta-ssc-contributions-2026-explained.md */; };
		4D45A5A7BB116E0B8EA3B3D6 /* guide-malta-mortgage-guide-2026.md in Resources */ = {isa = PBXBuildFile; fileRef = CF6FAD2245ED023C73A934D2 /* guide-malta-mortgage-guide-2026.md */; };
		51117088C8F39182D4B10756 /* SavedCalculationStore.swift in Sources */ = {isa = PBXBuildFile; fileRef = 8493BE331389E650E6807A18 /* SavedCalculationStore.swift */; };
		54D6F4026FD146CAA37182DC /* CalculatorUsage.swift in Sources */ = {isa = PBXBuildFile; fileRef = BEFB2F4EBDA9946AC76B983B /* CalculatorUsage.swift */; };
		553C5188CD8199A7636FCAD7 /* CalculatorCard.swift in Sources */ = {isa = PBXBuildFile; fileRef = 8EDE7D4117636F59B3F008F7 /* CalculatorCard.swift */; };
		55A8BBB6A610C51F336CC587 /* GuidesNavigationStack.swift in Sources */ = {isa = PBXBuildFile; fileRef = 2FCAE694A6EA2741F6CC8668 /* GuidesNavigationStack.swift */; };
		5731CA00A6B35EDE3E4DA663 /* MaltaCalculatorUITests.swift in Sources */ = {isa = PBXBuildFile; fileRef = F4A597F849A651DA532E7EF0 /* MaltaCalculatorUITests.swift */; };
		57B7E81FFA0F6B8E56E3D69D /* guide-malta-minimum-wage-2026-guide.md in Resources */ = {isa = PBXBuildFile; fileRef = 869341FEE0078594059E16AE /* guide-malta-minimum-wage-2026-guide.md */; };
		6CD164EA62CE8C302C328D77 /* CalculatorsNavigationStack.swift in Sources */ = {isa = PBXBuildFile; fileRef = 9D81CBD21AD3E0A4DD8B6690 /* CalculatorsNavigationStack.swift */; };
		6D900C222EB01C3329C58E30 /* Localizable.xcstrings in Resources */ = {isa = PBXBuildFile; fileRef = B1742807D9FAA9E9E413E153 /* Localizable.xcstrings */; };
		6E634251FC90FB71FB8498FF /* ComingSoonScreen.swift in Sources */ = {isa = PBXBuildFile; fileRef = 3A925BA0C330F102F69187A4 /* ComingSoonScreen.swift */; };
		70245B8221E687FB374A217F /* SalaryViewState.swift in Sources */ = {isa = PBXBuildFile; fileRef = 00CE3392286433518BB3FAE6 /* SalaryViewState.swift */; };
		72D367D2CB7E9A85324E6E51 /* HomeScreen.swift in Sources */ = {isa = PBXBuildFile; fileRef = 972AB70E54A9273D408CB45C /* HomeScreen.swift */; };
		76151F4483109E2357E1B3EC /* SettingsScreen.swift in Sources */ = {isa = PBXBuildFile; fileRef = B33DD602684DA55F016D1232 /* SettingsScreen.swift */; };
		782AFC684A5F838ED798C515 /* MaltaCalculatorApp.swift in Sources */ = {isa = PBXBuildFile; fileRef = E56C9031860876EC2F7F9299 /* MaltaCalculatorApp.swift */; };
		7841539BDCEEEC995BDF9321 /* UserPreferencesStore.swift in Sources */ = {isa = PBXBuildFile; fileRef = F41F75F17209D8938C8B587B /* UserPreferencesStore.swift */; };
		78577C20A721A8BCD7D54385 /* MonthlyRowCard.swift in Sources */ = {isa = PBXBuildFile; fileRef = 0A273DED055FBE041C468334 /* MonthlyRowCard.swift */; };
		7ED07E3995752D4DED35E61F /* CalculationKit in Frameworks */ = {isa = PBXBuildFile; productRef = C48FD61DB2226C059675FF3C /* CalculationKit */; };
		820A4200D09BADA29AB25BDE /* RootTab.swift in Sources */ = {isa = PBXBuildFile; fileRef = 8A75E9102A82ECCF7448ED45 /* RootTab.swift */; };
		82BED4CE2167852339F9B389 /* GuidesListScreen.swift in Sources */ = {isa = PBXBuildFile; fileRef = D0B587E8159BD0D50C0B0A95 /* GuidesListScreen.swift */; };
		83D4DA62501F6587E452D036 /* GuideReaderScreen.swift in Sources */ = {isa = PBXBuildFile; fileRef = 13E3E8FDD58C1E3AF80F4174 /* GuideReaderScreen.swift */; };
		88526C719D29F0E1C0FBCBFE /* SalaryViewModelTests.swift in Sources */ = {isa = PBXBuildFile; fileRef = 561285B3935AD06138B40FBD /* SalaryViewModelTests.swift */; };
		8F8DA2B95C721957B7382464 /* SavedCalculation.swift in Sources */ = {isa = PBXBuildFile; fileRef = 4716E52C1E32E14157D12E2D /* SavedCalculation.swift */; };
		93D1C2CBC9765D05CCE5FF1E /* GuidesStoreTests.swift in Sources */ = {isa = PBXBuildFile; fileRef = 9A8286077B8CB7B3F2D7A4BE /* GuidesStoreTests.swift */; };
		946639EA5910C15F539334C0 /* GuideCard.swift in Sources */ = {isa = PBXBuildFile; fileRef = 6856F8E0286B2DF3D9ED62A6 /* GuideCard.swift */; };
		967011AD45892F28800F04AB /* HomeNavigationStack.swift in Sources */ = {isa = PBXBuildFile; fileRef = 7B1990B80CE79226E9799B38 /* HomeNavigationStack.swift */; };
		97E3BBB34CB523F32A572B26 /* MaltaCalculatorTests.swift in Sources */ = {isa = PBXBuildFile; fileRef = 29EFF42AC30684063B300FF6 /* MaltaCalculatorTests.swift */; };
		9BE76A8D031B973E52C765E6 /* DeepLinkDestination.swift in Sources */ = {isa = PBXBuildFile; fileRef = 99E187959EEDE17FC78E959E /* DeepLinkDestination.swift */; };
		9C75B3225A280CF2B3D75CC3 /* GuidesViewState.swift in Sources */ = {isa = PBXBuildFile; fileRef = 5E6749E6B9EDCD5140F9DCB8 /* GuidesViewState.swift */; };
		9E12FCCF6468B14595FC5AC5 /* SavingsInterestScreen.swift in Sources */ = {isa = PBXBuildFile; fileRef = 01D339976E42CBCE2ACF3ADA /* SavingsInterestScreen.swift */; };
		A0506D0FA967D0D4CE93B3BF /* SalaryHistoryStore.swift in Sources */ = {isa = PBXBuildFile; fileRef = E49720D6446C63D3096C0DBF /* SalaryHistoryStore.swift */; };
		A1E1652DD06D4385756F0C2D /* HomeRouter.swift in Sources */ = {isa = PBXBuildFile; fileRef = 9A00B96C7E49F500243FA1D4 /* HomeRouter.swift */; };
		A3B55F09016FA044DEDE2183 /* SalaryCumulativeChart.swift in Sources */ = {isa = PBXBuildFile; fileRef = 42D7264658AB2E77129DB557 /* SalaryCumulativeChart.swift */; };
		A5DEC90016A7C04619F0DD92 /* CalculatorsRouter.swift in Sources */ = {isa = PBXBuildFile; fileRef = B769CBA9DC5C006A496D6DA5 /* CalculatorsRouter.swift */; };
		A77F0F527CE7184169DF4E04 /* GuideBookmark.swift in Sources */ = {isa = PBXBuildFile; fileRef = 544A5D9615B74C007C9FAB97 /* GuideBookmark.swift */; };
		B3272830A3B933851135A1A3 /* SavedCalculationStoreTests.swift in Sources */ = {isa = PBXBuildFile; fileRef = 5030BA1EE3701FD03BCF18BA /* SavedCalculationStoreTests.swift */; };
		B3CF295AF0F42C1917B04981 /* SalaryInsights.swift in Sources */ = {isa = PBXBuildFile; fileRef = 3F513E52842C7EB018445340 /* SalaryInsights.swift */; };
		B405D6274B6630F91E37D49D /* CalculatorCategory.swift in Sources */ = {isa = PBXBuildFile; fileRef = B68B7AC1BF35224C8838E58E /* CalculatorCategory.swift */; };
		B5B3A9FE556CC699F9B241BE /* StampDutyViewModel.swift in Sources */ = {isa = PBXBuildFile; fileRef = D57A8FFD99C0FA3577EBDCC6 /* StampDutyViewModel.swift */; };
		B95D628BEBF695371E962A65 /* SalaryViewModel.swift in Sources */ = {isa = PBXBuildFile; fileRef = CF899578EDD4E9A79BE92085 /* SalaryViewModel.swift */; };
		BB11D260CB3767FFEC78E6DA /* SavingsInterestViewModel.swift in Sources */ = {isa = PBXBuildFile; fileRef = F68A8F0EE4B09C0A43F16072 /* SavingsInterestViewModel.swift */; };
		BB87EAB16B1E1831F92FC1AB /* guide-how-to-calculate-net-salary-malta-2026.md in Resources */ = {isa = PBXBuildFile; fileRef = 0D6C8D78A4223883FBD66997 /* guide-how-to-calculate-net-salary-malta-2026.md */; };
		C2EE207041B0A27066C76450 /* AppState.swift in Sources */ = {isa = PBXBuildFile; fileRef = 204D44EAD0E645CF48C8478F /* AppState.swift */; };
		C6847AAB3F133B5B6419FB8B /* RootView.swift in Sources */ = {isa = PBXBuildFile; fileRef = 0EB399DD91FD3AC40791349C /* RootView.swift */; };
		C756109F8B4909FF9ECA3D36 /* SettingsNavigationStack.swift in Sources */ = {isa = PBXBuildFile; fileRef = 34A42FCF3B386343A26597D4 /* SettingsNavigationStack.swift */; };
		C9609B437E2CC25B77DEFA2B /* guide-malta-stamp-duty-complete-guide-2026.md in Resources */ = {isa = PBXBuildFile; fileRef = 9B2B2029832EBCE8C727E4C9 /* guide-malta-stamp-duty-complete-guide-2026.md */; };
		C9E01145433961369BD7549C /* guide-malta-public-holidays-2026-complete-guide.md in Resources */ = {isa = PBXBuildFile; fileRef = CE47DCED31FE376DBAD3D54B /* guide-malta-public-holidays-2026-complete-guide.md */; };
		CB41BD5D78BB1DC840E3CA6F /* SalaryNavigationStack.swift in Sources */ = {isa = PBXBuildFile; fileRef = 3F6BEE173BA2ED9E9B2D5B11 /* SalaryNavigationStack.swift */; };
		D04B7DDE2EE83FC947EAB415 /* SalaryKeyFigures.swift in Sources */ = {isa = PBXBuildFile; fileRef = ED49C94AF3C86371582B2D79 /* SalaryKeyFigures.swift */; };
		D9DCC27D0F4FC5D7B0FF4A41 /* CalculatorDetailViewModelTests.swift in Sources */ = {isa = PBXBuildFile; fileRef = 0D456B2D06DC5CDF11DF7EE8 /* CalculatorDetailViewModelTests.swift */; };
		DB6B8238D87C03BB9B7E0B25 /* SalaryScreen.swift in Sources */ = {isa = PBXBuildFile; fileRef = 54FF9ECE9B8EB3158B5AB306 /* SalaryScreen.swift */; };
		DBEB02C110CDF3B3707120C6 /* RecentlyUsedCalculatorsStore.swift in Sources */ = {isa = PBXBuildFile; fileRef = 15E3E5526C58232B15C7B96D /* RecentlyUsedCalculatorsStore.swift */; };
		DBFDDD07B1874646A388639B /* guide-malta-pension-system-2026-guide.md in Resources */ = {isa = PBXBuildFile; fileRef = CE950AECEFB562F5FB576586 /* guide-malta-pension-system-2026-guide.md */; };
		DE791CC592DC9CAB9E44D6FA /* GuidesStore.swift in Sources */ = {isa = PBXBuildFile; fileRef = 5B160B3ADBEA371668E8149B /* GuidesStore.swift */; };
		DF8F595559C6202A673A258B /* SalaryBreakdownDonut.swift in Sources */ = {isa = PBXBuildFile; fileRef = 13B1C72AD65F6BC1133AC27C /* SalaryBreakdownDonut.swift */; };
		E1188591558296F658199ADF /* SalaryShareSheet.swift in Sources */ = {isa = PBXBuildFile; fileRef = A6C6958E71C6DF14EC5FED80 /* SalaryShareSheet.swift */; };
		ED303C9630E671F84F652289 /* Shareable.swift in Sources */ = {isa = PBXBuildFile; fileRef = 1B905C2D355135D34826B966 /* Shareable.swift */; };
		EE7AAAC6D3422D3D2E4D8224 /* SalarySupplementaryTests.swift in Sources */ = {isa = PBXBuildFile; fileRef = 87A91AE471607EBED19C9BE0 /* SalarySupplementaryTests.swift */; };
		F0FC0903F95CC57DD8E513E2 /* StampDutyScreen.swift in Sources */ = {isa = PBXBuildFile; fileRef = 57AB3B9760D914C20A0A3150 /* StampDutyScreen.swift */; };
		F92B35029B9654E390226710 /* guide-malta-rental-income-tax-15-percent-guide.md in Resources */ = {isa = PBXBuildFile; fileRef = 25E3357FB5DBFB164D4026C4 /* guide-malta-rental-income-tax-15-percent-guide.md */; };
		F93EB8664CA5B5775410D2BC /* PersonalLoanViewModel.swift in Sources */ = {isa = PBXBuildFile; fileRef = AC9C6823592A2D45CA17215D /* PersonalLoanViewModel.swift */; };
		FC8934C195201F2F72F6FF74 /* CategoryHeaderView.swift in Sources */ = {isa = PBXBuildFile; fileRef = 1C219513F5FA94CE4CEDF0EF /* CategoryHeaderView.swift */; };
		FF5EC2701178C8C846B00481 /* CalculatorsViewModel.swift in Sources */ = {isa = PBXBuildFile; fileRef = 91CB3A12C7B15B18BF32E6F7 /* CalculatorsViewModel.swift */; };
/* End PBXBuildFile section */

/* Begin PBXContainerItemProxy section */
		B8B42A11BD7F6D0ACC767F1F /* PBXContainerItemProxy */ = {
			isa = PBXContainerItemProxy;
			containerPortal = EAB62C11BA305B4EDDBF872D /* Project object */;
			proxyType = 1;
			remoteGlobalIDString = A9880F4DFAAD57B951AC9243;
			remoteInfo = MaltaCalculator;
		};
		CEBB932F753BC89C06D4DFAE /* PBXContainerItemProxy */ = {
			isa = PBXContainerItemProxy;
			containerPortal = EAB62C11BA305B4EDDBF872D /* Project object */;
			proxyType = 1;
			remoteGlobalIDString = A9880F4DFAAD57B951AC9243;
			remoteInfo = MaltaCalculator;
		};
/* End PBXContainerItemProxy section */

/* Begin PBXFileReference section */
		00CE3392286433518BB3FAE6 /* SalaryViewState.swift */ = {isa = PBXFileReference; lastKnownFileType = sourcecode.swift; path = SalaryViewState.swift; sourceTree = "<group>"; };
		01D339976E42CBCE2ACF3ADA /* SavingsInterestScreen.swift */ = {isa = PBXFileReference; lastKnownFileType = sourcecode.swift; path = SavingsInterestScreen.swift; sourceTree = "<group>"; };
		0211DA71CEA067FA1EFEE0BA /* FloatingNetCard.swift */ = {isa = PBXFileReference; lastKnownFileType = sourcecode.swift; path = FloatingNetCard.swift; sourceTree = "<group>"; };
		03CCCBF01B69E3D95802F7DE /* SalarySavedPayload.swift */ = {isa = PBXFileReference; lastKnownFileType = sourcecode.swift; path = SalarySavedPayload.swift; sourceTree = "<group>"; };
		086F7AA0DDC567416EBC92D2 /* CalculatorID.swift */ = {isa = PBXFileReference; lastKnownFileType = sourcecode.swift; path = CalculatorID.swift; sourceTree = "<group>"; };
		0A273DED055FBE041C468334 /* MonthlyRowCard.swift */ = {isa = PBXFileReference; lastKnownFileType = sourcecode.swift; path = MonthlyRowCard.swift; sourceTree = "<group>"; };
		0D456B2D06DC5CDF11DF7EE8 /* CalculatorDetailViewModelTests.swift */ = {isa = PBXFileReference; lastKnownFileType = sourcecode.swift; path = CalculatorDetailViewModelTests.swift; sourceTree = "<group>"; };
		0D6C8D78A4223883FBD66997 /* guide-how-to-calculate-net-salary-malta-2026.md */ = {isa = PBXFileReference; lastKnownFileType = net.daringfireball.markdown; path = "guide-how-to-calculate-net-salary-malta-2026.md"; sourceTree = "<group>"; };
		0EB399DD91FD3AC40791349C /* RootView.swift */ = {isa = PBXFileReference; lastKnownFileType = sourcecode.swift; path = RootView.swift; sourceTree = "<group>"; };
		13B1C72AD65F6BC1133AC27C /* SalaryBreakdownDonut.swift */ = {isa = PBXFileReference; lastKnownFileType = sourcecode.swift; path = SalaryBreakdownDonut.swift; sourceTree = "<group>"; };
		13E3E8FDD58C1E3AF80F4174 /* GuideReaderScreen.swift */ = {isa = PBXFileReference; lastKnownFileType = sourcecode.swift; path = GuideReaderScreen.swift; sourceTree = "<group>"; };
		15E3E5526C58232B15C7B96D /* RecentlyUsedCalculatorsStore.swift */ = {isa = PBXFileReference; lastKnownFileType = sourcecode.swift; path = RecentlyUsedCalculatorsStore.swift; sourceTree = "<group>"; };
		16B8321C61529EC908499CA9 /* CalculatorDetailScaffold.swift */ = {isa = PBXFileReference; lastKnownFileType = sourcecode.swift; path = CalculatorDetailScaffold.swift; sourceTree = "<group>"; };
		1B905C2D355135D34826B966 /* Shareable.swift */ = {isa = PBXFileReference; lastKnownFileType = sourcecode.swift; path = Shareable.swift; sourceTree = "<group>"; };
		1C219513F5FA94CE4CEDF0EF /* CategoryHeaderView.swift */ = {isa = PBXFileReference; lastKnownFileType = sourcecode.swift; path = CategoryHeaderView.swift; sourceTree = "<group>"; };
		204D44EAD0E645CF48C8478F /* AppState.swift */ = {isa = PBXFileReference; lastKnownFileType = sourcecode.swift; path = AppState.swift; sourceTree = "<group>"; };
		247B55CB27A3396A252C5D97 /* SalaryShareContent.swift */ = {isa = PBXFileReference; lastKnownFileType = sourcecode.swift; path = SalaryShareContent.swift; sourceTree = "<group>"; };
		25E3357FB5DBFB164D4026C4 /* guide-malta-rental-income-tax-15-percent-guide.md */ = {isa = PBXFileReference; lastKnownFileType = net.daringfireball.markdown; path = "guide-malta-rental-income-tax-15-percent-guide.md"; sourceTree = "<group>"; };
		270B7CAAA8AA3CBFFF9414BD /* guide-malta-ssc-contributions-2026-explained.md */ = {isa = PBXFileReference; lastKnownFileType = net.daringfireball.markdown; path = "guide-malta-ssc-contributions-2026-explained.md"; sourceTree = "<group>"; };
		29EFF42AC30684063B300FF6 /* MaltaCalculatorTests.swift */ = {isa = PBXFileReference; lastKnownFileType = sourcecode.swift; path = MaltaCalculatorTests.swift; sourceTree = "<group>"; };
		2FB9EA68AA0894ABB7557491 /* SalaryRouter.swift */ = {isa = PBXFileReference; lastKnownFileType = sourcecode.swift; path = SalaryRouter.swift; sourceTree = "<group>"; };
		2FCAE694A6EA2741F6CC8668 /* GuidesNavigationStack.swift */ = {isa = PBXFileReference; lastKnownFileType = sourcecode.swift; path = GuidesNavigationStack.swift; sourceTree = "<group>"; };
		30923A99DE4E68EC4D27D367 /* Info.plist */ = {isa = PBXFileReference; lastKnownFileType = text.plist; path = Info.plist; sourceTree = "<group>"; };
		34A42FCF3B386343A26597D4 /* SettingsNavigationStack.swift */ = {isa = PBXFileReference; lastKnownFileType = sourcecode.swift; path = SettingsNavigationStack.swift; sourceTree = "<group>"; };
		3A925BA0C330F102F69187A4 /* ComingSoonScreen.swift */ = {isa = PBXFileReference; lastKnownFileType = sourcecode.swift; path = ComingSoonScreen.swift; sourceTree = "<group>"; };
		3B1EA68881C3E11627C254D6 /* PrivacyInfo.xcprivacy */ = {isa = PBXFileReference; path = PrivacyInfo.xcprivacy; sourceTree = "<group>"; };
		3B2D94468F50ECFF9CA19CE6 /* Assets.xcassets */ = {isa = PBXFileReference; lastKnownFileType = folder.assetcatalog; path = Assets.xcassets; sourceTree = "<group>"; };
		3C34073A5855C0FE024A051D /* MaltaCalculator.entitlements */ = {isa = PBXFileReference; lastKnownFileType = text.plist.entitlements; path = MaltaCalculator.entitlements; sourceTree = "<group>"; };
		3F513E52842C7EB018445340 /* SalaryInsights.swift */ = {isa = PBXFileReference; lastKnownFileType = sourcecode.swift; path = SalaryInsights.swift; sourceTree = "<group>"; };
		3F6BEE173BA2ED9E9B2D5B11 /* SalaryNavigationStack.swift */ = {isa = PBXFileReference; lastKnownFileType = sourcecode.swift; path = SalaryNavigationStack.swift; sourceTree = "<group>"; };
		41C0244B16C6850A656325A8 /* SchemaV1.swift */ = {isa = PBXFileReference; lastKnownFileType = sourcecode.swift; path = SchemaV1.swift; sourceTree = "<group>"; };
		42D7264658AB2E77129DB557 /* SalaryCumulativeChart.swift */ = {isa = PBXFileReference; lastKnownFileType = sourcecode.swift; path = SalaryCumulativeChart.swift; sourceTree = "<group>"; };
		4716E52C1E32E14157D12E2D /* SavedCalculation.swift */ = {isa = PBXFileReference; lastKnownFileType = sourcecode.swift; path = SavedCalculation.swift; sourceTree = "<group>"; };
		48B34B3E952B1E7D13DDF3D5 /* GuidesRouter.swift */ = {isa = PBXFileReference; lastKnownFileType = sourcecode.swift; path = GuidesRouter.swift; sourceTree = "<group>"; };
		4B620E757840AA997B6C9320 /* Guide.swift */ = {isa = PBXFileReference; lastKnownFileType = sourcecode.swift; path = Guide.swift; sourceTree = "<group>"; };
		5030BA1EE3701FD03BCF18BA /* SavedCalculationStoreTests.swift */ = {isa = PBXFileReference; lastKnownFileType = sourcecode.swift; path = SavedCalculationStoreTests.swift; sourceTree = "<group>"; };
		5216D5E29222604CEBBE045E /* DesignSystem */ = {isa = PBXFileReference; lastKnownFileType = folder; name = DesignSystem; path = Packages/DesignSystem; sourceTree = SOURCE_ROOT; };
		544A5D9615B74C007C9FAB97 /* GuideBookmark.swift */ = {isa = PBXFileReference; lastKnownFileType = sourcecode.swift; path = GuideBookmark.swift; sourceTree = "<group>"; };
		54FF9ECE9B8EB3158B5AB306 /* SalaryScreen.swift */ = {isa = PBXFileReference; lastKnownFileType = sourcecode.swift; path = SalaryScreen.swift; sourceTree = "<group>"; };
		561285B3935AD06138B40FBD /* SalaryViewModelTests.swift */ = {isa = PBXFileReference; lastKnownFileType = sourcecode.swift; path = SalaryViewModelTests.swift; sourceTree = "<group>"; };
		57AB3B9760D914C20A0A3150 /* StampDutyScreen.swift */ = {isa = PBXFileReference; lastKnownFileType = sourcecode.swift; path = StampDutyScreen.swift; sourceTree = "<group>"; };
		58F5DD2F6B32DDE7FBE1778C /* guides-manifest.json */ = {isa = PBXFileReference; lastKnownFileType = text.json; path = "guides-manifest.json"; sourceTree = "<group>"; };
		5B160B3ADBEA371668E8149B /* GuidesStore.swift */ = {isa = PBXFileReference; lastKnownFileType = sourcecode.swift; path = GuidesStore.swift; sourceTree = "<group>"; };
		5E6749E6B9EDCD5140F9DCB8 /* GuidesViewState.swift */ = {isa = PBXFileReference; lastKnownFileType = sourcecode.swift; path = GuidesViewState.swift; sourceTree = "<group>"; };
		6856F8E0286B2DF3D9ED62A6 /* GuideCard.swift */ = {isa = PBXFileReference; lastKnownFileType = sourcecode.swift; path = GuideCard.swift; sourceTree = "<group>"; };
		6D75F3BBA5A4A7FD23C6DF20 /* guide-malta-vacation-leave-entitlement-2026.md */ = {isa = PBXFileReference; lastKnownFileType = net.daringfireball.markdown; path = "guide-malta-vacation-leave-entitlement-2026.md"; sourceTree = "<group>"; };
		77032E062C54F311369DE826 /* CalculatorCatalogItem.swift */ = {isa = PBXFileReference; lastKnownFileType = sourcecode.swift; path = CalculatorCatalogItem.swift; sourceTree = "<group>"; };
		7B1990B80CE79226E9799B38 /* HomeNavigationStack.swift */ = {isa = PBXFileReference; lastKnownFileType = sourcecode.swift; path = HomeNavigationStack.swift; sourceTree = "<group>"; };
		7ED05DB4CD4CB44296145A07 /* SalaryShareRenderer.swift */ = {isa = PBXFileReference; lastKnownFileType = sourcecode.swift; path = SalaryShareRenderer.swift; sourceTree = "<group>"; };
		8493BE331389E650E6807A18 /* SavedCalculationStore.swift */ = {isa = PBXFileReference; lastKnownFileType = sourcecode.swift; path = SavedCalculationStore.swift; sourceTree = "<group>"; };
		869341FEE0078594059E16AE /* guide-malta-minimum-wage-2026-guide.md */ = {isa = PBXFileReference; lastKnownFileType = net.daringfireball.markdown; path = "guide-malta-minimum-wage-2026-guide.md"; sourceTree = "<group>"; };
		87A91AE471607EBED19C9BE0 /* SalarySupplementaryTests.swift */ = {isa = PBXFileReference; lastKnownFileType = sourcecode.swift; path = SalarySupplementaryTests.swift; sourceTree = "<group>"; };
		88916A000CD197FC01F85107 /* MaltaCalculatorUITests.xctest */ = {isa = PBXFileReference; includeInIndex = 0; lastKnownFileType = wrapper.cfbundle; path = MaltaCalculatorUITests.xctest; sourceTree = BUILT_PRODUCTS_DIR; };
		8A75E9102A82ECCF7448ED45 /* RootTab.swift */ = {isa = PBXFileReference; lastKnownFileType = sourcecode.swift; path = RootTab.swift; sourceTree = "<group>"; };
		8EDE7D4117636F59B3F008F7 /* CalculatorCard.swift */ = {isa = PBXFileReference; lastKnownFileType = sourcecode.swift; path = CalculatorCard.swift; sourceTree = "<group>"; };
		91CB3A12C7B15B18BF32E6F7 /* CalculatorsViewModel.swift */ = {isa = PBXFileReference; lastKnownFileType = sourcecode.swift; path = CalculatorsViewModel.swift; sourceTree = "<group>"; };
		972AB70E54A9273D408CB45C /* HomeScreen.swift */ = {isa = PBXFileReference; lastKnownFileType = sourcecode.swift; path = HomeScreen.swift; sourceTree = "<group>"; };
		99E187959EEDE17FC78E959E /* DeepLinkDestination.swift */ = {isa = PBXFileReference; lastKnownFileType = sourcecode.swift; path = DeepLinkDestination.swift; sourceTree = "<group>"; };
		9A00B96C7E49F500243FA1D4 /* HomeRouter.swift */ = {isa = PBXFileReference; lastKnownFileType = sourcecode.swift; path = HomeRouter.swift; sourceTree = "<group>"; };
		9A8286077B8CB7B3F2D7A4BE /* GuidesStoreTests.swift */ = {isa = PBXFileReference; lastKnownFileType = sourcecode.swift; path = GuidesStoreTests.swift; sourceTree = "<group>"; };
		9B061035E96AA7997E8CAC49 /* UserPreferences.swift */ = {isa = PBXFileReference; lastKnownFileType = sourcecode.swift; path = UserPreferences.swift; sourceTree = "<group>"; };
		9B2B2029832EBCE8C727E4C9 /* guide-malta-stamp-duty-complete-guide-2026.md */ = {isa = PBXFileReference; lastKnownFileType = net.daringfireball.markdown; path = "guide-malta-stamp-duty-complete-guide-2026.md"; sourceTree = "<group>"; };
		9D81CBD21AD3E0A4DD8B6690 /* CalculatorsNavigationStack.swift */ = {isa = PBXFileReference; lastKnownFileType = sourcecode.swift; path = CalculatorsNavigationStack.swift; sourceTree = "<group>"; };
		9E02AC92A3A9D962FA2CBD09 /* CalculationKit */ = {isa = PBXFileReference; lastKnownFileType = folder; name = CalculationKit; path = Packages/CalculationKit; sourceTree = SOURCE_ROOT; };
		A6C6958E71C6DF14EC5FED80 /* SalaryShareSheet.swift */ = {isa = PBXFileReference; lastKnownFileType = sourcecode.swift; path = SalaryShareSheet.swift; sourceTree = "<group>"; };
		AC9C6823592A2D45CA17215D /* PersonalLoanViewModel.swift */ = {isa = PBXFileReference; lastKnownFileType = sourcecode.swift; path = PersonalLoanViewModel.swift; sourceTree = "<group>"; };
		B00D2402531AC47105121240 /* MarkdownBlock.swift */ = {isa = PBXFileReference; lastKnownFileType = sourcecode.swift; path = MarkdownBlock.swift; sourceTree = "<group>"; };
		B1742807D9FAA9E9E413E153 /* Localizable.xcstrings */ = {isa = PBXFileReference; lastKnownFileType = text.json.xcstrings; path = Localizable.xcstrings; sourceTree = "<group>"; };
		B3045DD00D8F5D876F098246 /* MortgageViewModel.swift */ = {isa = PBXFileReference; lastKnownFileType = sourcecode.swift; path = MortgageViewModel.swift; sourceTree = "<group>"; };
		B33DD602684DA55F016D1232 /* SettingsScreen.swift */ = {isa = PBXFileReference; lastKnownFileType = sourcecode.swift; path = SettingsScreen.swift; sourceTree = "<group>"; };
		B68B7AC1BF35224C8838E58E /* CalculatorCategory.swift */ = {isa = PBXFileReference; lastKnownFileType = sourcecode.swift; path = CalculatorCategory.swift; sourceTree = "<group>"; };
		B769CBA9DC5C006A496D6DA5 /* CalculatorsRouter.swift */ = {isa = PBXFileReference; lastKnownFileType = sourcecode.swift; path = CalculatorsRouter.swift; sourceTree = "<group>"; };
		B7C80619108982F01DEEAA9B /* DeepLinkParser.swift */ = {isa = PBXFileReference; lastKnownFileType = sourcecode.swift; path = DeepLinkParser.swift; sourceTree = "<group>"; };
		BEFB2F4EBDA9946AC76B983B /* CalculatorUsage.swift */ = {isa = PBXFileReference; lastKnownFileType = sourcecode.swift; path = CalculatorUsage.swift; sourceTree = "<group>"; };
		CE47DCED31FE376DBAD3D54B /* guide-malta-public-holidays-2026-complete-guide.md */ = {isa = PBXFileReference; lastKnownFileType = net.daringfireball.markdown; path = "guide-malta-public-holidays-2026-complete-guide.md"; sourceTree = "<group>"; };
		CE950AECEFB562F5FB576586 /* guide-malta-pension-system-2026-guide.md */ = {isa = PBXFileReference; lastKnownFileType = net.daringfireball.markdown; path = "guide-malta-pension-system-2026-guide.md"; sourceTree = "<group>"; };
		CF6FAD2245ED023C73A934D2 /* guide-malta-mortgage-guide-2026.md */ = {isa = PBXFileReference; lastKnownFileType = net.daringfireball.markdown; path = "guide-malta-mortgage-guide-2026.md"; sourceTree = "<group>"; };
		CF899578EDD4E9A79BE92085 /* SalaryViewModel.swift */ = {isa = PBXFileReference; lastKnownFileType = sourcecode.swift; path = SalaryViewModel.swift; sourceTree = "<group>"; };
		D0B587E8159BD0D50C0B0A95 /* GuidesListScreen.swift */ = {isa = PBXFileReference; lastKnownFileType = sourcecode.swift; path = GuidesListScreen.swift; sourceTree = "<group>"; };
		D1C11FDA4708C0BC4255533F /* CalculatorsHubScreen.swift */ = {isa = PBXFileReference; lastKnownFileType = sourcecode.swift; path = CalculatorsHubScreen.swift; sourceTree = "<group>"; };
		D2168A9F40693AECDF984E32 /* MortgageScreen.swift */ = {isa = PBXFileReference; lastKnownFileType = sourcecode.swift; path = MortgageScreen.swift; sourceTree = "<group>"; };
		D3B039C0FA31B80B3EDCB948 /* guide-malta-tax-rates-2026-complete-guide.md */ = {isa = PBXFileReference; lastKnownFileType = net.daringfireball.markdown; path = "guide-malta-tax-rates-2026-complete-guide.md"; sourceTree = "<group>"; };
		D4EC201A185EE17EE9E59944 /* CalculatorDetailFactory.swift */ = {isa = PBXFileReference; lastKnownFileType = sourcecode.swift; path = CalculatorDetailFactory.swift; sourceTree = "<group>"; };
		D57A8FFD99C0FA3577EBDCC6 /* StampDutyViewModel.swift */ = {isa = PBXFileReference; lastKnownFileType = sourcecode.swift; path = StampDutyViewModel.swift; sourceTree = "<group>"; };
		DAD302D56952E537AD1CE80F /* SalaryInputCard.swift */ = {isa = PBXFileReference; lastKnownFileType = sourcecode.swift; path = SalaryInputCard.swift; sourceTree = "<group>"; };
		E0F29F70993460AA015D5397 /* SalaryViewModelExtendedTests.swift */ = {isa = PBXFileReference; lastKnownFileType = sourcecode.swift; path = SalaryViewModelExtendedTests.swift; sourceTree = "<group>"; };
		E49720D6446C63D3096C0DBF /* SalaryHistoryStore.swift */ = {isa = PBXFileReference; lastKnownFileType = sourcecode.swift; path = SalaryHistoryStore.swift; sourceTree = "<group>"; };
		E56C9031860876EC2F7F9299 /* MaltaCalculatorApp.swift */ = {isa = PBXFileReference; lastKnownFileType = sourcecode.swift; path = MaltaCalculatorApp.swift; sourceTree = "<group>"; };
		E86AD427071A2AEAFEF4D257 /* MaltaCalculatorTests.xctest */ = {isa = PBXFileReference; includeInIndex = 0; lastKnownFileType = wrapper.cfbundle; path = MaltaCalculatorTests.xctest; sourceTree = BUILT_PRODUCTS_DIR; };
		ED49C94AF3C86371582B2D79 /* SalaryKeyFigures.swift */ = {isa = PBXFileReference; lastKnownFileType = sourcecode.swift; path = SalaryKeyFigures.swift; sourceTree = "<group>"; };
		EE5548E630FA77423E6502F8 /* SettingsRouter.swift */ = {isa = PBXFileReference; lastKnownFileType = sourcecode.swift; path = SettingsRouter.swift; sourceTree = "<group>"; };
		F41F75F17209D8938C8B587B /* UserPreferencesStore.swift */ = {isa = PBXFileReference; lastKnownFileType = sourcecode.swift; path = UserPreferencesStore.swift; sourceTree = "<group>"; };
		F4A597F849A651DA532E7EF0 /* MaltaCalculatorUITests.swift */ = {isa = PBXFileReference; lastKnownFileType = sourcecode.swift; path = MaltaCalculatorUITests.swift; sourceTree = "<group>"; };
		F68A8F0EE4B09C0A43F16072 /* SavingsInterestViewModel.swift */ = {isa = PBXFileReference; lastKnownFileType = sourcecode.swift; path = SavingsInterestViewModel.swift; sourceTree = "<group>"; };
		F7526166DC60D76EDC80388A /* MaltaCalculator.app */ = {isa = PBXFileReference; includeInIndex = 0; lastKnownFileType = wrapper.application; path = MaltaCalculator.app; sourceTree = BUILT_PRODUCTS_DIR; };
		FD070C272554DDBFF0D21ED9 /* PersonalLoanScreen.swift */ = {isa = PBXFileReference; lastKnownFileType = sourcecode.swift; path = PersonalLoanScreen.swift; sourceTree = "<group>"; };
/* End PBXFileReference section */

/* Begin PBXFrameworksBuildPhase section */
		7F399BDEAD60FDE8D33F41F8 /* Frameworks */ = {
			isa = PBXFrameworksBuildPhase;
			buildActionMask = 2147483647;
			files = (
				7ED07E3995752D4DED35E61F /* CalculationKit in Frameworks */,
				4847351F799DF82F29DE1512 /* DesignSystem in Frameworks */,
			);
			runOnlyForDeploymentPostprocessing = 0;
		};
/* End PBXFrameworksBuildPhase section */

/* Begin PBXGroup section */
		0FA0BCEA5839E658180A2FED /* App */ = {
			isa = PBXGroup;
			children = (
				204D44EAD0E645CF48C8478F /* AppState.swift */,
				E56C9031860876EC2F7F9299 /* MaltaCalculatorApp.swift */,
				8A75E9102A82ECCF7448ED45 /* RootTab.swift */,
				0EB399DD91FD3AC40791349C /* RootView.swift */,
				95BC2BEDF961E3E1FA785161 /* DeepLink */,
			);
			path = App;
			sourceTree = "<group>";
		};
		159184829657B70A1E4B1B39 /* Tests */ = {
			isa = PBXGroup;
			children = (
				ED3E06246004DEE4C4B94640 /* MaltaCalculatorTests */,
				8F7448FB9C75AF32BB70C91C /* MaltaCalculatorUITests */,
			);
			path = Tests;
			sourceTree = "<group>";
		};
		3B15E2DF5AEFC96951BBE98C /* Resources */ = {
			isa = PBXGroup;
			children = (
				3B2D94468F50ECFF9CA19CE6 /* Assets.xcassets */,
				0D6C8D78A4223883FBD66997 /* guide-how-to-calculate-net-salary-malta-2026.md */,
				869341FEE0078594059E16AE /* guide-malta-minimum-wage-2026-guide.md */,
				CF6FAD2245ED023C73A934D2 /* guide-malta-mortgage-guide-2026.md */,
				CE950AECEFB562F5FB576586 /* guide-malta-pension-system-2026-guide.md */,
				CE47DCED31FE376DBAD3D54B /* guide-malta-public-holidays-2026-complete-guide.md */,
				25E3357FB5DBFB164D4026C4 /* guide-malta-rental-income-tax-15-percent-guide.md */,
				270B7CAAA8AA3CBFFF9414BD /* guide-malta-ssc-contributions-2026-explained.md */,
				9B2B2029832EBCE8C727E4C9 /* guide-malta-stamp-duty-complete-guide-2026.md */,
				D3B039C0FA31B80B3EDCB948 /* guide-malta-tax-rates-2026-complete-guide.md */,
				6D75F3BBA5A4A7FD23C6DF20 /* guide-malta-vacation-leave-entitlement-2026.md */,
				58F5DD2F6B32DDE7FBE1778C /* guides-manifest.json */,
				B1742807D9FAA9E9E413E153 /* Localizable.xcstrings */,
			);
			path = Resources;
			sourceTree = "<group>";
		};
		521FA70764A16C6F56F751BF /* MaltaCalculator */ = {
			isa = PBXGroup;
			children = (
				30923A99DE4E68EC4D27D367 /* Info.plist */,
				3C34073A5855C0FE024A051D /* MaltaCalculator.entitlements */,
				3B1EA68881C3E11627C254D6 /* PrivacyInfo.xcprivacy */,
				0FA0BCEA5839E658180A2FED /* App */,
				C2A5CD33D817C83AB284031F /* Features */,
				C826B20289452F089E752DED /* Persistence */,
				3B15E2DF5AEFC96951BBE98C /* Resources */,
				FF4992E60BF599AAA0DB709F /* Shared */,
			);
			path = MaltaCalculator;
			sourceTree = "<group>";
		};
		549A9B4BC3E604A8F54122F4 /* Mortgage */ = {
			isa = PBXGroup;
			children = (
				D2168A9F40693AECDF984E32 /* MortgageScreen.swift */,
				B3045DD00D8F5D876F098246 /* MortgageViewModel.swift */,
			);
			path = Mortgage;
			sourceTree = "<group>";
		};
		5D928A26F99DC0BCDF4346CB /* Packages */ = {
			isa = PBXGroup;
			children = (
				9E02AC92A3A9D962FA2CBD09 /* CalculationKit */,
				5216D5E29222604CEBBE045E /* DesignSystem */,
			);
			path = Packages;
			sourceTree = "<group>";
		};
		5ED8F941759A47B094903D35 /* SavingsInterest */ = {
			isa = PBXGroup;
			children = (
				01D339976E42CBCE2ACF3ADA /* SavingsInterestScreen.swift */,
				F68A8F0EE4B09C0A43F16072 /* SavingsInterestViewModel.swift */,
			);
			path = SavingsInterest;
			sourceTree = "<group>";
		};
		60789D23BF9E984082F161F5 /* Calculators */ = {
			isa = PBXGroup;
			children = (
				8EDE7D4117636F59B3F008F7 /* CalculatorCard.swift */,
				77032E062C54F311369DE826 /* CalculatorCatalogItem.swift */,
				B68B7AC1BF35224C8838E58E /* CalculatorCategory.swift */,
				D4EC201A185EE17EE9E59944 /* CalculatorDetailFactory.swift */,
				16B8321C61529EC908499CA9 /* CalculatorDetailScaffold.swift */,
				086F7AA0DDC567416EBC92D2 /* CalculatorID.swift */,
				D1C11FDA4708C0BC4255533F /* CalculatorsHubScreen.swift */,
				9D81CBD21AD3E0A4DD8B6690 /* CalculatorsNavigationStack.swift */,
				B769CBA9DC5C006A496D6DA5 /* CalculatorsRouter.swift */,
				91CB3A12C7B15B18BF32E6F7 /* CalculatorsViewModel.swift */,
				1C219513F5FA94CE4CEDF0EF /* CategoryHeaderView.swift */,
				15E3E5526C58232B15C7B96D /* RecentlyUsedCalculatorsStore.swift */,
				549A9B4BC3E604A8F54122F4 /* Mortgage */,
				892AB356F306FE8933E9DA06 /* PersonalLoan */,
				5ED8F941759A47B094903D35 /* SavingsInterest */,
				794DBF07007AD78C8C077EF8 /* StampDuty */,
			);
			path = Calculators;
			sourceTree = "<group>";
		};
		794DBF07007AD78C8C077EF8 /* StampDuty */ = {
			isa = PBXGroup;
			children = (
				57AB3B9760D914C20A0A3150 /* StampDutyScreen.swift */,
				D57A8FFD99C0FA3577EBDCC6 /* StampDutyViewModel.swift */,
			);
			path = StampDuty;
			sourceTree = "<group>";
		};
		892AB356F306FE8933E9DA06 /* PersonalLoan */ = {
			isa = PBXGroup;
			children = (
				FD070C272554DDBFF0D21ED9 /* PersonalLoanScreen.swift */,
				AC9C6823592A2D45CA17215D /* PersonalLoanViewModel.swift */,
			);
			path = PersonalLoan;
			sourceTree = "<group>";
		};
		8F7448FB9C75AF32BB70C91C /* MaltaCalculatorUITests */ = {
			isa = PBXGroup;
			children = (
				F4A597F849A651DA532E7EF0 /* MaltaCalculatorUITests.swift */,
			);
			path = MaltaCalculatorUITests;
			sourceTree = "<group>";
		};
		95BC2BEDF961E3E1FA785161 /* DeepLink */ = {
			isa = PBXGroup;
			children = (
				99E187959EEDE17FC78E959E /* DeepLinkDestination.swift */,
				B7C80619108982F01DEEAA9B /* DeepLinkParser.swift */,
			);
			path = DeepLink;
			sourceTree = "<group>";
		};
		9738D2C64A3E5073AF5C6476 /* Salary */ = {
			isa = PBXGroup;
			children = (
				E49720D6446C63D3096C0DBF /* SalaryHistoryStore.swift */,
				3F513E52842C7EB018445340 /* SalaryInsights.swift */,
				3F6BEE173BA2ED9E9B2D5B11 /* SalaryNavigationStack.swift */,
				2FB9EA68AA0894ABB7557491 /* SalaryRouter.swift */,
				03CCCBF01B69E3D95802F7DE /* SalarySavedPayload.swift */,
				54FF9ECE9B8EB3158B5AB306 /* SalaryScreen.swift */,
				247B55CB27A3396A252C5D97 /* SalaryShareContent.swift */,
				7ED05DB4CD4CB44296145A07 /* SalaryShareRenderer.swift */,
				CF899578EDD4E9A79BE92085 /* SalaryViewModel.swift */,
				00CE3392286433518BB3FAE6 /* SalaryViewState.swift */,
				9B2F9F31CC5E9CE25F417103 /* Components */,
			);
			path = Salary;
			sourceTree = "<group>";
		};
		9B2F9F31CC5E9CE25F417103 /* Components */ = {
			isa = PBXGroup;
			children = (
				0211DA71CEA067FA1EFEE0BA /* FloatingNetCard.swift */,
				0A273DED055FBE041C468334 /* MonthlyRowCard.swift */,
				13B1C72AD65F6BC1133AC27C /* SalaryBreakdownDonut.swift */,
				42D7264658AB2E77129DB557 /* SalaryCumulativeChart.swift */,
				DAD302D56952E537AD1CE80F /* SalaryInputCard.swift */,
				ED49C94AF3C86371582B2D79 /* SalaryKeyFigures.swift */,
				A6C6958E71C6DF14EC5FED80 /* SalaryShareSheet.swift */,
			);
			path = Components;
			sourceTree = "<group>";
		};
		BAF0E80AA5486788A908B381 /* Settings */ = {
			isa = PBXGroup;
			children = (
				34A42FCF3B386343A26597D4 /* SettingsNavigationStack.swift */,
				EE5548E630FA77423E6502F8 /* SettingsRouter.swift */,
				B33DD602684DA55F016D1232 /* SettingsScreen.swift */,
			);
			path = Settings;
			sourceTree = "<group>";
		};
		C2A5CD33D817C83AB284031F /* Features */ = {
			isa = PBXGroup;
			children = (
				60789D23BF9E984082F161F5 /* Calculators */,
				DC4F7714F4AC15789F1F1B4F /* Guides */,
				DC18A45A2269526D842D9287 /* Home */,
				9738D2C64A3E5073AF5C6476 /* Salary */,
				BAF0E80AA5486788A908B381 /* Settings */,
			);
			path = Features;
			sourceTree = "<group>";
		};
		C826B20289452F089E752DED /* Persistence */ = {
			isa = PBXGroup;
			children = (
				BEFB2F4EBDA9946AC76B983B /* CalculatorUsage.swift */,
				544A5D9615B74C007C9FAB97 /* GuideBookmark.swift */,
				4716E52C1E32E14157D12E2D /* SavedCalculation.swift */,
				8493BE331389E650E6807A18 /* SavedCalculationStore.swift */,
				41C0244B16C6850A656325A8 /* SchemaV1.swift */,
				9B061035E96AA7997E8CAC49 /* UserPreferences.swift */,
				F41F75F17209D8938C8B587B /* UserPreferencesStore.swift */,
			);
			path = Persistence;
			sourceTree = "<group>";
		};
		DC18A45A2269526D842D9287 /* Home */ = {
			isa = PBXGroup;
			children = (
				7B1990B80CE79226E9799B38 /* HomeNavigationStack.swift */,
				9A00B96C7E49F500243FA1D4 /* HomeRouter.swift */,
				972AB70E54A9273D408CB45C /* HomeScreen.swift */,
			);
			path = Home;
			sourceTree = "<group>";
		};
		DC4F7714F4AC15789F1F1B4F /* Guides */ = {
			isa = PBXGroup;
			children = (
				4B620E757840AA997B6C9320 /* Guide.swift */,
				6856F8E0286B2DF3D9ED62A6 /* GuideCard.swift */,
				13E3E8FDD58C1E3AF80F4174 /* GuideReaderScreen.swift */,
				D0B587E8159BD0D50C0B0A95 /* GuidesListScreen.swift */,
				2FCAE694A6EA2741F6CC8668 /* GuidesNavigationStack.swift */,
				48B34B3E952B1E7D13DDF3D5 /* GuidesRouter.swift */,
				5B160B3ADBEA371668E8149B /* GuidesStore.swift */,
				5E6749E6B9EDCD5140F9DCB8 /* GuidesViewState.swift */,
				B00D2402531AC47105121240 /* MarkdownBlock.swift */,
			);
			path = Guides;
			sourceTree = "<group>";
		};
		ED3E06246004DEE4C4B94640 /* MaltaCalculatorTests */ = {
			isa = PBXGroup;
			children = (
				0D456B2D06DC5CDF11DF7EE8 /* CalculatorDetailViewModelTests.swift */,
				9A8286077B8CB7B3F2D7A4BE /* GuidesStoreTests.swift */,
				29EFF42AC30684063B300FF6 /* MaltaCalculatorTests.swift */,
				87A91AE471607EBED19C9BE0 /* SalarySupplementaryTests.swift */,
				E0F29F70993460AA015D5397 /* SalaryViewModelExtendedTests.swift */,
				561285B3935AD06138B40FBD /* SalaryViewModelTests.swift */,
				5030BA1EE3701FD03BCF18BA /* SavedCalculationStoreTests.swift */,
			);
			path = MaltaCalculatorTests;
			sourceTree = "<group>";
		};
		ED628831598593879A4EDD29 /* Products */ = {
			isa = PBXGroup;
			children = (
				F7526166DC60D76EDC80388A /* MaltaCalculator.app */,
				E86AD427071A2AEAFEF4D257 /* MaltaCalculatorTests.xctest */,
				88916A000CD197FC01F85107 /* MaltaCalculatorUITests.xctest */,
			);
			name = Products;
			sourceTree = "<group>";
		};
		F4BAFEDFC4331468E73AE5F7 = {
			isa = PBXGroup;
			children = (
				521FA70764A16C6F56F751BF /* MaltaCalculator */,
				5D928A26F99DC0BCDF4346CB /* Packages */,
				159184829657B70A1E4B1B39 /* Tests */,
				ED628831598593879A4EDD29 /* Products */,
			);
			sourceTree = "<group>";
		};
		FF4992E60BF599AAA0DB709F /* Shared */ = {
			isa = PBXGroup;
			children = (
				3A925BA0C330F102F69187A4 /* ComingSoonScreen.swift */,
				1B905C2D355135D34826B966 /* Shareable.swift */,
			);
			path = Shared;
			sourceTree = "<group>";
		};
/* End PBXGroup section */

/* Begin PBXNativeTarget section */
		2A47EE8616DE9A2E80D984A4 /* MaltaCalculatorUITests */ = {
			isa = PBXNativeTarget;
			buildConfigurationList = 1C665EA115745562F3CA5097 /* Build configuration list for PBXNativeTarget "MaltaCalculatorUITests" */;
			buildPhases = (
				5B6AF65AE6372E4E1C5498BE /* Sources */,
			);
			buildRules = (
			);
			dependencies = (
				4D2BF6E8BE9DF62C0F2747D7 /* PBXTargetDependency */,
			);
			name = MaltaCalculatorUITests;
			packageProductDependencies = (
			);
			productName = MaltaCalculatorUITests;
			productReference = 88916A000CD197FC01F85107 /* MaltaCalculatorUITests.xctest */;
			productType = "com.apple.product-type.bundle.ui-testing";
		};
		A88B8B88C4550E7EB7E32E85 /* MaltaCalculatorTests */ = {
			isa = PBXNativeTarget;
			buildConfigurationList = F354520F481F46288B864843 /* Build configuration list for PBXNativeTarget "MaltaCalculatorTests" */;
			buildPhases = (
				E64769ED3FAC403D95AE25A4 /* Sources */,
			);
			buildRules = (
			);
			dependencies = (
				6C9A04E1CE5CD61C399BA7CD /* PBXTargetDependency */,
			);
			name = MaltaCalculatorTests;
			packageProductDependencies = (
			);
			productName = MaltaCalculatorTests;
			productReference = E86AD427071A2AEAFEF4D257 /* MaltaCalculatorTests.xctest */;
			productType = "com.apple.product-type.bundle.unit-test";
		};
		A9880F4DFAAD57B951AC9243 /* MaltaCalculator */ = {
			isa = PBXNativeTarget;
			buildConfigurationList = B35E3A4C6D3D8E93080B1535 /* Build configuration list for PBXNativeTarget "MaltaCalculator" */;
			buildPhases = (
				BA8DA0A49A4499BD88417E7E /* SwiftLint */,
				C01906A8C9FBC32EBCB24916 /* Sources */,
				F2FA9D86BCC5676ACF2689EB /* Resources */,
				7F399BDEAD60FDE8D33F41F8 /* Frameworks */,
			);
			buildRules = (
			);
			dependencies = (
			);
			name = MaltaCalculator;
			packageProductDependencies = (
				C48FD61DB2226C059675FF3C /* CalculationKit */,
				C486B5057B7C9A4D8C42E3B0 /* DesignSystem */,
			);
			productName = MaltaCalculator;
			productReference = F7526166DC60D76EDC80388A /* MaltaCalculator.app */;
			productType = "com.apple.product-type.application";
		};
/* End PBXNativeTarget section */

/* Begin PBXProject section */
		EAB62C11BA305B4EDDBF872D /* Project object */ = {
			isa = PBXProject;
			attributes = {
				BuildIndependentTargetsInParallel = YES;
				LastUpgradeCheck = 2630;
				TargetAttributes = {
					2A47EE8616DE9A2E80D984A4 = {
						DevelopmentTeam = "";
						ProvisioningStyle = Automatic;
						TestTargetID = A9880F4DFAAD57B951AC9243;
					};
					A88B8B88C4550E7EB7E32E85 = {
						DevelopmentTeam = "";
						ProvisioningStyle = Automatic;
					};
					A9880F4DFAAD57B951AC9243 = {
						DevelopmentTeam = "";
						ProvisioningStyle = Automatic;
					};
				};
			};
			buildConfigurationList = 660F06C0C23CA72F23CFC1CF /* Build configuration list for PBXProject "MaltaCalculator" */;
			compatibilityVersion = "Xcode 14.0";
			developmentRegion = en;
			hasScannedForEncodings = 0;
			knownRegions = (
				Base,
				en,
			);
			mainGroup = F4BAFEDFC4331468E73AE5F7;
			minimizedProjectReferenceProxies = 1;
			packageReferences = (
				B238A6DE0FDF38A7DCE79F73 /* XCLocalSwiftPackageReference "Packages/CalculationKit" */,
				3B36D6A2300DAFC6B6A6447F /* XCLocalSwiftPackageReference "Packages/DesignSystem" */,
			);
			preferredProjectObjectVersion = 77;
			projectDirPath = "";
			projectRoot = "";
			targets = (
				A9880F4DFAAD57B951AC9243 /* MaltaCalculator */,
				A88B8B88C4550E7EB7E32E85 /* MaltaCalculatorTests */,
				2A47EE8616DE9A2E80D984A4 /* MaltaCalculatorUITests */,
			);
		};
/* End PBXProject section */

/* Begin PBXResourcesBuildPhase section */
		F2FA9D86BCC5676ACF2689EB /* Resources */ = {
			isa = PBXResourcesBuildPhase;
			buildActionMask = 2147483647;
			files = (
				2674F2F102D4F2AFC2096603 /* Assets.xcassets in Resources */,
				6D900C222EB01C3329C58E30 /* Localizable.xcstrings in Resources */,
				29C80428C863DABC3703E096 /* PrivacyInfo.xcprivacy in Resources */,
				BB87EAB16B1E1831F92FC1AB /* guide-how-to-calculate-net-salary-malta-2026.md in Resources */,
				57B7E81FFA0F6B8E56E3D69D /* guide-malta-minimum-wage-2026-guide.md in Resources */,
				4D45A5A7BB116E0B8EA3B3D6 /* guide-malta-mortgage-guide-2026.md in Resources */,
				DBFDDD07B1874646A388639B /* guide-malta-pension-system-2026-guide.md in Resources */,
				C9E01145433961369BD7549C /* guide-malta-public-holidays-2026-complete-guide.md in Resources */,
				F92B35029B9654E390226710 /* guide-malta-rental-income-tax-15-percent-guide.md in Resources */,
				4C802CD6747CF6EA5F5A8F21 /* guide-malta-ssc-contributions-2026-explained.md in Resources */,
				C9609B437E2CC25B77DEFA2B /* guide-malta-stamp-duty-complete-guide-2026.md in Resources */,
				32CBBC4B78F736CB1B3E8ADA /* guide-malta-tax-rates-2026-complete-guide.md in Resources */,
				2D8DE8BCBE65ACF1A9EF58D0 /* guide-malta-vacation-leave-entitlement-2026.md in Resources */,
				243DF7EFAB8E5CAF93A68A5A /* guides-manifest.json in Resources */,
			);
			runOnlyForDeploymentPostprocessing = 0;
		};
/* End PBXResourcesBuildPhase section */

/* Begin PBXShellScriptBuildPhase section */
		BA8DA0A49A4499BD88417E7E /* SwiftLint */ = {
			isa = PBXShellScriptBuildPhase;
			alwaysOutOfDate = 1;
			buildActionMask = 2147483647;
			files = (
			);
			inputFileListPaths = (
			);
			inputPaths = (
			);
			name = SwiftLint;
			outputFileListPaths = (
			);
			outputPaths = (
			);
			runOnlyForDeploymentPostprocessing = 0;
			shellPath = /bin/bash;
			shellScript = "if [[ \"$CONFIGURATION\" == \"Debug\" ]]; then\n  if which swiftlint >/dev/null; then\n    swiftlint lint --config \"${SRCROOT}/Tools/.swiftlint.yml\" \"${SRCROOT}/MaltaCalculator\" \"${SRCROOT}/Tests\"\n  else\n    echo \"warning: SwiftLint not installed\"\n  fi\nfi\n";
		};
/* End PBXShellScriptBuildPhase section */

/* Begin PBXSourcesBuildPhase section */
		5B6AF65AE6372E4E1C5498BE /* Sources */ = {
			isa = PBXSourcesBuildPhase;
			buildActionMask = 2147483647;
			files = (
				5731CA00A6B35EDE3E4DA663 /* MaltaCalculatorUITests.swift in Sources */,
			);
			runOnlyForDeploymentPostprocessing = 0;
		};
		C01906A8C9FBC32EBCB24916 /* Sources */ = {
			isa = PBXSourcesBuildPhase;
			buildActionMask = 2147483647;
			files = (
				C2EE207041B0A27066C76450 /* AppState.swift in Sources */,
				553C5188CD8199A7636FCAD7 /* CalculatorCard.swift in Sources */,
				2B6405B4066CE2F320FB3870 /* CalculatorCatalogItem.swift in Sources */,
				B405D6274B6630F91E37D49D /* CalculatorCategory.swift in Sources */,
				119ED70E5323E6E963B15D1A /* CalculatorDetailFactory.swift in Sources */,
				08659968BAB40FB64C707EA2 /* CalculatorDetailScaffold.swift in Sources */,
				24E0ECEDDB34A1FA2BCAA7CB /* CalculatorID.swift in Sources */,
				54D6F4026FD146CAA37182DC /* CalculatorUsage.swift in Sources */,
				20B799FBA27C9117F1B385DA /* CalculatorsHubScreen.swift in Sources */,
				6CD164EA62CE8C302C328D77 /* CalculatorsNavigationStack.swift in Sources */,
				A5DEC90016A7C04619F0DD92 /* CalculatorsRouter.swift in Sources */,
				FF5EC2701178C8C846B00481 /* CalculatorsViewModel.swift in Sources */,
				FC8934C195201F2F72F6FF74 /* CategoryHeaderView.swift in Sources */,
				6E634251FC90FB71FB8498FF /* ComingSoonScreen.swift in Sources */,
				9BE76A8D031B973E52C765E6 /* DeepLinkDestination.swift in Sources */,
				3500D5404052FA1640A70CB2 /* DeepLinkParser.swift in Sources */,
				4C22ACB71B2BCFC5F87C2DD8 /* FloatingNetCard.swift in Sources */,
				354E088CA5A532BF2EC767E2 /* Guide.swift in Sources */,
				A77F0F527CE7184169DF4E04 /* GuideBookmark.swift in Sources */,
				946639EA5910C15F539334C0 /* GuideCard.swift in Sources */,
				83D4DA62501F6587E452D036 /* GuideReaderScreen.swift in Sources */,
				82BED4CE2167852339F9B389 /* GuidesListScreen.swift in Sources */,
				55A8BBB6A610C51F336CC587 /* GuidesNavigationStack.swift in Sources */,
				226117E2D6212FBEF53D2A74 /* GuidesRouter.swift in Sources */,
				DE791CC592DC9CAB9E44D6FA /* GuidesStore.swift in Sources */,
				9C75B3225A280CF2B3D75CC3 /* GuidesViewState.swift in Sources */,
				967011AD45892F28800F04AB /* HomeNavigationStack.swift in Sources */,
				A1E1652DD06D4385756F0C2D /* HomeRouter.swift in Sources */,
				72D367D2CB7E9A85324E6E51 /* HomeScreen.swift in Sources */,
				782AFC684A5F838ED798C515 /* MaltaCalculatorApp.swift in Sources */,
				22AA862BE51BA75E0B378D09 /* MarkdownBlock.swift in Sources */,
				78577C20A721A8BCD7D54385 /* MonthlyRowCard.swift in Sources */,
				2918E317407102924CD13015 /* MortgageScreen.swift in Sources */,
				4B2B36D0595D45A5FF1ABE0B /* MortgageViewModel.swift in Sources */,
				0067A0B9A8DB647216EF6C7F /* PersonalLoanScreen.swift in Sources */,
				F93EB8664CA5B5775410D2BC /* PersonalLoanViewModel.swift in Sources */,
				DBEB02C110CDF3B3707120C6 /* RecentlyUsedCalculatorsStore.swift in Sources */,
				820A4200D09BADA29AB25BDE /* RootTab.swift in Sources */,
				C6847AAB3F133B5B6419FB8B /* RootView.swift in Sources */,
				DF8F595559C6202A673A258B /* SalaryBreakdownDonut.swift in Sources */,
				A3B55F09016FA044DEDE2183 /* SalaryCumulativeChart.swift in Sources */,
				A0506D0FA967D0D4CE93B3BF /* SalaryHistoryStore.swift in Sources */,
				097F8FD7EC763BB04D25710B /* SalaryInputCard.swift in Sources */,
				B3CF295AF0F42C1917B04981 /* SalaryInsights.swift in Sources */,
				D04B7DDE2EE83FC947EAB415 /* SalaryKeyFigures.swift in Sources */,
				CB41BD5D78BB1DC840E3CA6F /* SalaryNavigationStack.swift in Sources */,
				04B8D7DE591D010BA3061E03 /* SalaryRouter.swift in Sources */,
				0CE92241B689B7B3546F891C /* SalarySavedPayload.swift in Sources */,
				DB6B8238D87C03BB9B7E0B25 /* SalaryScreen.swift in Sources */,
				180DC48AF704479B28847C90 /* SalaryShareContent.swift in Sources */,
				1BC52A44BA1E36FC2418E7C5 /* SalaryShareRenderer.swift in Sources */,
				E1188591558296F658199ADF /* SalaryShareSheet.swift in Sources */,
				B95D628BEBF695371E962A65 /* SalaryViewModel.swift in Sources */,
				70245B8221E687FB374A217F /* SalaryViewState.swift in Sources */,
				8F8DA2B95C721957B7382464 /* SavedCalculation.swift in Sources */,
				51117088C8F39182D4B10756 /* SavedCalculationStore.swift in Sources */,
				9E12FCCF6468B14595FC5AC5 /* SavingsInterestScreen.swift in Sources */,
				BB11D260CB3767FFEC78E6DA /* SavingsInterestViewModel.swift in Sources */,
				1A28CE82AF2D5D07EBEAAAD5 /* SchemaV1.swift in Sources */,
				C756109F8B4909FF9ECA3D36 /* SettingsNavigationStack.swift in Sources */,
				35DB034D63D71DA83154E8CA /* SettingsRouter.swift in Sources */,
				76151F4483109E2357E1B3EC /* SettingsScreen.swift in Sources */,
				ED303C9630E671F84F652289 /* Shareable.swift in Sources */,
				F0FC0903F95CC57DD8E513E2 /* StampDutyScreen.swift in Sources */,
				B5B3A9FE556CC699F9B241BE /* StampDutyViewModel.swift in Sources */,
				0FCFC389EFDEBFD3497B7D18 /* UserPreferences.swift in Sources */,
				7841539BDCEEEC995BDF9321 /* UserPreferencesStore.swift in Sources */,
			);
			runOnlyForDeploymentPostprocessing = 0;
		};
		E64769ED3FAC403D95AE25A4 /* Sources */ = {
			isa = PBXSourcesBuildPhase;
			buildActionMask = 2147483647;
			files = (
				D9DCC27D0F4FC5D7B0FF4A41 /* CalculatorDetailViewModelTests.swift in Sources */,
				93D1C2CBC9765D05CCE5FF1E /* GuidesStoreTests.swift in Sources */,
				97E3BBB34CB523F32A572B26 /* MaltaCalculatorTests.swift in Sources */,
				EE7AAAC6D3422D3D2E4D8224 /* SalarySupplementaryTests.swift in Sources */,
				269986F35BA4EB346361813B /* SalaryViewModelExtendedTests.swift in Sources */,
				88526C719D29F0E1C0FBCBFE /* SalaryViewModelTests.swift in Sources */,
				B3272830A3B933851135A1A3 /* SavedCalculationStoreTests.swift in Sources */,
			);
			runOnlyForDeploymentPostprocessing = 0;
		};
/* End PBXSourcesBuildPhase section */

/* Begin PBXTargetDependency section */
		4D2BF6E8BE9DF62C0F2747D7 /* PBXTargetDependency */ = {
			isa = PBXTargetDependency;
			target = A9880F4DFAAD57B951AC9243 /* MaltaCalculator */;
			targetProxy = B8B42A11BD7F6D0ACC767F1F /* PBXContainerItemProxy */;
		};
		6C9A04E1CE5CD61C399BA7CD /* PBXTargetDependency */ = {
			isa = PBXTargetDependency;
			target = A9880F4DFAAD57B951AC9243 /* MaltaCalculator */;
			targetProxy = CEBB932F753BC89C06D4DFAE /* PBXContainerItemProxy */;
		};
/* End PBXTargetDependency section */

/* Begin XCBuildConfiguration section */
		2AB1AFAC2E88FD9317986C6D /* Debug */ = {
			isa = XCBuildConfiguration;
			buildSettings = {
				BUNDLE_LOADER = "$(TEST_HOST)";
				GENERATE_INFOPLIST_FILE = YES;
				LD_RUNPATH_SEARCH_PATHS = (
					"$(inherited)",
					"@executable_path/Frameworks",
					"@loader_path/Frameworks",
				);
				PRODUCT_BUNDLE_IDENTIFIER = com.maltacalculator.app.uitests;
				SDKROOT = iphoneos;
				TARGETED_DEVICE_FAMILY = "1,2";
				TEST_TARGET_NAME = MaltaCalculator;
			};
			name = Debug;
		};
		2F5D9D8E07D4E71A8C3E2A07 /* Release */ = {
			isa = XCBuildConfiguration;
			buildSettings = {
				BUNDLE_LOADER = "$(TEST_HOST)";
				GENERATE_INFOPLIST_FILE = YES;
				LD_RUNPATH_SEARCH_PATHS = (
					"$(inherited)",
					"@executable_path/Frameworks",
					"@loader_path/Frameworks",
				);
				PRODUCT_BUNDLE_IDENTIFIER = com.maltacalculator.app.uitests;
				SDKROOT = iphoneos;
				TARGETED_DEVICE_FAMILY = "1,2";
				TEST_TARGET_NAME = MaltaCalculator;
			};
			name = Release;
		};
		3F80870434C0341BDF9FA72A /* Release */ = {
			isa = XCBuildConfiguration;
			buildSettings = {
				BUNDLE_LOADER = "$(TEST_HOST)";
				GENERATE_INFOPLIST_FILE = YES;
				LD_RUNPATH_SEARCH_PATHS = (
					"$(inherited)",
					"@executable_path/Frameworks",
					"@loader_path/Frameworks",
				);
				PRODUCT_BUNDLE_IDENTIFIER = com.maltacalculator.app.tests;
				SDKROOT = iphoneos;
				TARGETED_DEVICE_FAMILY = "1,2";
				TEST_HOST = "$(BUILT_PRODUCTS_DIR)/MaltaCalculator.app/$(BUNDLE_EXECUTABLE_FOLDER_PATH)/MaltaCalculator";
			};
			name = Release;
		};
		43F10D3284514B654D0FEF28 /* Release */ = {
			isa = XCBuildConfiguration;
			buildSettings = {
				ALWAYS_SEARCH_USER_PATHS = NO;
				CLANG_ANALYZER_NONNULL = YES;
				CLANG_ANALYZER_NUMBER_OBJECT_CONVERSION = YES_AGGRESSIVE;
				CLANG_CXX_LANGUAGE_STANDARD = "gnu++14";
				CLANG_CXX_LIBRARY = "libc++";
				CLANG_ENABLE_MODULES = YES;
				CLANG_ENABLE_OBJC_ARC = YES;
				CLANG_ENABLE_OBJC_WEAK = YES;
				CLANG_WARN_BLOCK_CAPTURE_AUTORELEASING = YES;
				CLANG_WARN_BOOL_CONVERSION = YES;
				CLANG_WARN_COMMA = YES;
				CLANG_WARN_CONSTANT_CONVERSION = YES;
				CLANG_WARN_DEPRECATED_OBJC_IMPLEMENTATIONS = YES;
				CLANG_WARN_DIRECT_OBJC_ISA_USAGE = YES_ERROR;
				CLANG_WARN_DOCUMENTATION_COMMENTS = YES;
				CLANG_WARN_EMPTY_BODY = YES;
				CLANG_WARN_ENUM_CONVERSION = YES;
				CLANG_WARN_INFINITE_RECURSION = YES;
				CLANG_WARN_INT_CONVERSION = YES;
				CLANG_WARN_NON_LITERAL_NULL_CONVERSION = YES;
				CLANG_WARN_OBJC_IMPLICIT_RETAIN_SELF = YES;
				CLANG_WARN_OBJC_LITERAL_CONVERSION = YES;
				CLANG_WARN_OBJC_ROOT_CLASS = YES_ERROR;
				CLANG_WARN_QUOTED_INCLUDE_IN_FRAMEWORK_HEADER = YES;
				CLANG_WARN_RANGE_LOOP_ANALYSIS = YES;
				CLANG_WARN_STRICT_PROTOTYPES = YES;
				CLANG_WARN_SUSPICIOUS_MOVE = YES;
				CLANG_WARN_UNGUARDED_AVAILABILITY = YES_AGGRESSIVE;
				CLANG_WARN_UNREACHABLE_CODE = YES;
				CLANG_WARN__DUPLICATE_METHOD_MATCH = YES;
				CODE_SIGN_STYLE = Automatic;
				COPY_PHASE_STRIP = NO;
				CURRENT_PROJECT_VERSION = 1;
				DEBUG_INFORMATION_FORMAT = "dwarf-with-dsym";
				DEVELOPMENT_TEAM = "";
				ENABLE_NS_ASSERTIONS = NO;
				ENABLE_STRICT_OBJC_MSGSEND = YES;
				GCC_C_LANGUAGE_STANDARD = gnu11;
				GCC_NO_COMMON_BLOCKS = YES;
				GCC_WARN_64_TO_32_BIT_CONVERSION = YES;
				GCC_WARN_ABOUT_RETURN_TYPE = YES_ERROR;
				GCC_WARN_UNDECLARED_SELECTOR = YES;
				GCC_WARN_UNINITIALIZED_AUTOS = YES_AGGRESSIVE;
				GCC_WARN_UNUSED_FUNCTION = YES;
				GCC_WARN_UNUSED_VARIABLE = YES;
				IPHONEOS_DEPLOYMENT_TARGET = 18.0;
				MARKETING_VERSION = 1.0.0;
				MTL_ENABLE_DEBUG_INFO = NO;
				MTL_FAST_MATH = YES;
				PRODUCT_NAME = "$(TARGET_NAME)";
				SDKROOT = iphoneos;
				SWIFT_COMPILATION_MODE = wholemodule;
				SWIFT_OPTIMIZATION_LEVEL = "-O";
				SWIFT_TREAT_WARNINGS_AS_ERRORS = YES;
				SWIFT_VERSION = 6.0;
			};
			name = Release;
		};
		99DA6BB722D804D727F5DC31 /* Release */ = {
			isa = XCBuildConfiguration;
			buildSettings = {
				ASSETCATALOG_COMPILER_APPICON_NAME = AppIcon;
				ASSETCATALOG_COMPILER_GLOBAL_ACCENT_COLOR_NAME = AccentColor;
				CODE_SIGN_ENTITLEMENTS = MaltaCalculator/MaltaCalculator.entitlements;
				CODE_SIGN_IDENTITY = "iPhone Developer";
				GENERATE_INFOPLIST_FILE = NO;
				INFOPLIST_FILE = MaltaCalculator/Info.plist;
				LD_RUNPATH_SEARCH_PATHS = (
					"$(inherited)",
					"@executable_path/Frameworks",
				);
				PRODUCT_BUNDLE_IDENTIFIER = com.maltacalculator.app;
				SDKROOT = iphoneos;
				SWIFT_EMIT_LOC_STRINGS = YES;
				TARGETED_DEVICE_FAMILY = "1,2";
			};
			name = Release;
		};
		B1540DEB9D073BC8B01857E1 /* Debug */ = {
			isa = XCBuildConfiguration;
			buildSettings = {
				ALWAYS_SEARCH_USER_PATHS = NO;
				CLANG_ANALYZER_NONNULL = YES;
				CLANG_ANALYZER_NUMBER_OBJECT_CONVERSION = YES_AGGRESSIVE;
				CLANG_CXX_LANGUAGE_STANDARD = "gnu++14";
				CLANG_CXX_LIBRARY = "libc++";
				CLANG_ENABLE_MODULES = YES;
				CLANG_ENABLE_OBJC_ARC = YES;
				CLANG_ENABLE_OBJC_WEAK = YES;
				CLANG_WARN_BLOCK_CAPTURE_AUTORELEASING = YES;
				CLANG_WARN_BOOL_CONVERSION = YES;
				CLANG_WARN_COMMA = YES;
				CLANG_WARN_CONSTANT_CONVERSION = YES;
				CLANG_WARN_DEPRECATED_OBJC_IMPLEMENTATIONS = YES;
				CLANG_WARN_DIRECT_OBJC_ISA_USAGE = YES_ERROR;
				CLANG_WARN_DOCUMENTATION_COMMENTS = YES;
				CLANG_WARN_EMPTY_BODY = YES;
				CLANG_WARN_ENUM_CONVERSION = YES;
				CLANG_WARN_INFINITE_RECURSION = YES;
				CLANG_WARN_INT_CONVERSION = YES;
				CLANG_WARN_NON_LITERAL_NULL_CONVERSION = YES;
				CLANG_WARN_OBJC_IMPLICIT_RETAIN_SELF = YES;
				CLANG_WARN_OBJC_LITERAL_CONVERSION = YES;
				CLANG_WARN_OBJC_ROOT_CLASS = YES_ERROR;
				CLANG_WARN_QUOTED_INCLUDE_IN_FRAMEWORK_HEADER = YES;
				CLANG_WARN_RANGE_LOOP_ANALYSIS = YES;
				CLANG_WARN_STRICT_PROTOTYPES = YES;
				CLANG_WARN_SUSPICIOUS_MOVE = YES;
				CLANG_WARN_UNGUARDED_AVAILABILITY = YES_AGGRESSIVE;
				CLANG_WARN_UNREACHABLE_CODE = YES;
				CLANG_WARN__DUPLICATE_METHOD_MATCH = YES;
				CODE_SIGN_STYLE = Automatic;
				COPY_PHASE_STRIP = NO;
				CURRENT_PROJECT_VERSION = 1;
				DEBUG_INFORMATION_FORMAT = dwarf;
				DEVELOPMENT_TEAM = "";
				ENABLE_STRICT_OBJC_MSGSEND = YES;
				ENABLE_TESTABILITY = YES;
				GCC_C_LANGUAGE_STANDARD = gnu11;
				GCC_DYNAMIC_NO_PIC = NO;
				GCC_NO_COMMON_BLOCKS = YES;
				GCC_OPTIMIZATION_LEVEL = 0;
				GCC_PREPROCESSOR_DEFINITIONS = (
					"$(inherited)",
					"DEBUG=1",
				);
				GCC_WARN_64_TO_32_BIT_CONVERSION = YES;
				GCC_WARN_ABOUT_RETURN_TYPE = YES_ERROR;
				GCC_WARN_UNDECLARED_SELECTOR = YES;
				GCC_WARN_UNINITIALIZED_AUTOS = YES_AGGRESSIVE;
				GCC_WARN_UNUSED_FUNCTION = YES;
				GCC_WARN_UNUSED_VARIABLE = YES;
				IPHONEOS_DEPLOYMENT_TARGET = 18.0;
				MARKETING_VERSION = 1.0.0;
				MTL_ENABLE_DEBUG_INFO = INCLUDE_SOURCE;
				MTL_FAST_MATH = YES;
				ONLY_ACTIVE_ARCH = YES;
				PRODUCT_NAME = "$(TARGET_NAME)";
				SDKROOT = iphoneos;
				SWIFT_ACTIVE_COMPILATION_CONDITIONS = DEBUG;
				SWIFT_OPTIMIZATION_LEVEL = "-Onone";
				SWIFT_VERSION = 6.0;
			};
			name = Debug;
		};
		BFACBE883FDA1A59C4B7E6EF /* Debug */ = {
			isa = XCBuildConfiguration;
			buildSettings = {
				ASSETCATALOG_COMPILER_APPICON_NAME = AppIcon;
				ASSETCATALOG_COMPILER_GLOBAL_ACCENT_COLOR_NAME = AccentColor;
				CODE_SIGN_ENTITLEMENTS = MaltaCalculator/MaltaCalculator.entitlements;
				CODE_SIGN_IDENTITY = "iPhone Developer";
				GENERATE_INFOPLIST_FILE = NO;
				INFOPLIST_FILE = MaltaCalculator/Info.plist;
				LD_RUNPATH_SEARCH_PATHS = (
					"$(inherited)",
					"@executable_path/Frameworks",
				);
				PRODUCT_BUNDLE_IDENTIFIER = com.maltacalculator.app;
				SDKROOT = iphoneos;
				SWIFT_EMIT_LOC_STRINGS = YES;
				TARGETED_DEVICE_FAMILY = "1,2";
			};
			name = Debug;
		};
		D6DB0B71828F99616FE8C87E /* Debug */ = {
			isa = XCBuildConfiguration;
			buildSettings = {
				BUNDLE_LOADER = "$(TEST_HOST)";
				GENERATE_INFOPLIST_FILE = YES;
				LD_RUNPATH_SEARCH_PATHS = (
					"$(inherited)",
					"@executable_path/Frameworks",
					"@loader_path/Frameworks",
				);
				PRODUCT_BUNDLE_IDENTIFIER = com.maltacalculator.app.tests;
				SDKROOT = iphoneos;
				TARGETED_DEVICE_FAMILY = "1,2";
				TEST_HOST = "$(BUILT_PRODUCTS_DIR)/MaltaCalculator.app/$(BUNDLE_EXECUTABLE_FOLDER_PATH)/MaltaCalculator";
			};
			name = Debug;
		};
/* End XCBuildConfiguration section */

/* Begin XCConfigurationList section */
		1C665EA115745562F3CA5097 /* Build configuration list for PBXNativeTarget "MaltaCalculatorUITests" */ = {
			isa = XCConfigurationList;
			buildConfigurations = (
				2AB1AFAC2E88FD9317986C6D /* Debug */,
				2F5D9D8E07D4E71A8C3E2A07 /* Release */,
			);
			defaultConfigurationIsVisible = 0;
			defaultConfigurationName = Debug;
		};
		660F06C0C23CA72F23CFC1CF /* Build configuration list for PBXProject "MaltaCalculator" */ = {
			isa = XCConfigurationList;
			buildConfigurations = (
				B1540DEB9D073BC8B01857E1 /* Debug */,
				43F10D3284514B654D0FEF28 /* Release */,
			);
			defaultConfigurationIsVisible = 0;
			defaultConfigurationName = Debug;
		};
		B35E3A4C6D3D8E93080B1535 /* Build configuration list for PBXNativeTarget "MaltaCalculator" */ = {
			isa = XCConfigurationList;
			buildConfigurations = (
				BFACBE883FDA1A59C4B7E6EF /* Debug */,
				99DA6BB722D804D727F5DC31 /* Release */,
			);
			defaultConfigurationIsVisible = 0;
			defaultConfigurationName = Debug;
		};
		F354520F481F46288B864843 /* Build configuration list for PBXNativeTarget "MaltaCalculatorTests" */ = {
			isa = XCConfigurationList;
			buildConfigurations = (
				D6DB0B71828F99616FE8C87E /* Debug */,
				3F80870434C0341BDF9FA72A /* Release */,
			);
			defaultConfigurationIsVisible = 0;
			defaultConfigurationName = Debug;
		};
/* End XCConfigurationList section */

/* Begin XCLocalSwiftPackageReference section */
		3B36D6A2300DAFC6B6A6447F /* XCLocalSwiftPackageReference "Packages/DesignSystem" */ = {
			isa = XCLocalSwiftPackageReference;
			relativePath = Packages/DesignSystem;
		};
		B238A6DE0FDF38A7DCE79F73 /* XCLocalSwiftPackageReference "Packages/CalculationKit" */ = {
			isa = XCLocalSwiftPackageReference;
			relativePath = Packages/CalculationKit;
		};
/* End XCLocalSwiftPackageReference section */

/* Begin XCSwiftPackageProductDependency section */
		C486B5057B7C9A4D8C42E3B0 /* DesignSystem */ = {
			isa = XCSwiftPackageProductDependency;
			productName = DesignSystem;
		};
		C48FD61DB2226C059675FF3C /* CalculationKit */ = {
			isa = XCSwiftPackageProductDependency;
			productName = CalculationKit;
		};
/* End XCSwiftPackageProductDependency section */
	};
	rootObject = EAB62C11BA305B4EDDBF872D /* Project object */;
}
